
Microsoft Visual Studio Solution File, Format Version 12.00
# Visual Studio Version 16
VisualStudioVersion = 16.0.31005.135
MinimumVisualStudioVersion = 10.0.40219.1
Project("{FAE04EC0-301F-11D3-BF4B-00C04F79EFBC}") = "Interview", "Interview\Interview.csproj", "{1A7064D8-2FEB-49C4-AB20-A2281DF9470C}"
EndProject
Global
	GlobalSection(SolutionConfigurationPlatforms) = preSolution
		Debug|Any CPU = Debug|Any CPU
		Release|Any CPU = Release|Any CPU
	EndGlobalSection
	GlobalSection(ProjectConfigurationPlatforms) = postSolution
		{1A7064D8-2FEB-49C4-AB20-A2281DF9470C}.Debug|Any CPU.ActiveCfg = Debug|Any CPU
		{1A7064D8-2FEB-49C4-AB20-A2281DF9470C}.Debug|Any CPU.Build.0 = Debug|Any CPU
		{1A7064D8-2FEB-49C4-AB20-A2281DF9470C}.Release|Any CPU.ActiveCfg = Release|Any CPU
		{1A7064D8-2FEB-49C4-AB20-A2281DF9470C}.Release|Any CPU.Build.0 = Release|Any CPU
	EndGlobalSection
	GlobalSection(SolutionProperties) = preSolution
		HideSolutionNode = FALSE
	EndGlobalSection
	GlobalSection(ExtensibilityGlobals) = postSolution
		SolutionGuid = {40696ADF-C8B8-4CA4-BBAA-3AB328C8CB8D}
	EndGlobalSection
EndGlobal
